github.com/kangmaman/numanip v1.0.1 h1:kr3ezTEVDwgfCaibp6HPT5H7FnKx4mDKzY0xxm2e1XM=
github.com/kangmaman/numanip v1.0.1/go.mod h1:JTNZSuc5G/OQ/75+nzdJ/nDoE+lLmcRTFvOh1YL8owc=
github.com/kangmaman/numanip v1.0.4 h1:7bgcvFW8IoDW+CEUfDNrJmge7p67Z4JB/qHaa6DsmRE=
github.com/kangmaman/numanip v1.0.4/go.mod h1:JTNZSuc5G/OQ/75+nzdJ/nDoE+lLmcRTFvOh1YL8owc=
github.com/kangmaman/numanip v1.0.5 h1:iTfVtrsmg4JiH9jPGHrPQpkyF+ivGUKdhnR7UIv8c88=
github.com/kangmaman/numanip v1.0.5/go.mod h1:JTNZSuc5G/OQ/75+nzdJ/nDoE+lLmcRTFvOh1YL8owc=
